
Microsoft Visual Studio Solution File, Format Version 12.00
# Visual Studio Version 16
VisualStudioVersion = 16.0.28803.352
MinimumVisualStudioVersion = 10.0.40219.1
Project("{8BC9CEB8-8B4A-11D0-8D11-00A0C91BC942}") = "question 10", "question 10\question 10.vcxproj", "{25231BB9-51F3-418D-8DA1-AD07F0D33D03}"
EndProject
Global
	GlobalSection(SolutionConfigurationPlatforms) = preSolution
		Debug|x64 = Debug|x64
		Debug|x86 = Debug|x86
		Release|x64 = Release|x64
		Release|x86 = Release|x86
	EndGlobalSection
	GlobalSection(ProjectConfigurationPlatforms) = postSolution
		{25231BB9-51F3-418D-8DA1-AD07F0D33D03}.Debug|x64.ActiveCfg = Debug|x64
		{25231BB9-51F3-418D-8DA1-AD07F0D33D03}.Debug|x64.Build.0 = Debug|x64
		{25231BB9-51F3-418D-8DA1-AD07F0D33D03}.Debug|x86.ActiveCfg = Debug|Win32
		{25231BB9-51F3-418D-8DA1-AD07F0D33D03}.Debug|x86.Build.0 = Debug|Win32
		{25231BB9-51F3-418D-8DA1-AD07F0D33D03}.Release|x64.ActiveCfg = Release|x64
		{25231BB9-51F3-418D-8DA1-AD07F0D33D03}.Release|x64.Build.0 = Release|x64
		{25231BB9-51F3-418D-8DA1-AD07F0D33D03}.Release|x86.ActiveCfg = Release|Win32
		{25231BB9-51F3-418D-8DA1-AD07F0D33D03}.Release|x86.Build.0 = Release|Win32
	EndGlobalSection
	GlobalSection(SolutionProperties) = preSolution
		HideSolutionNode = FALSE
	EndGlobalSection
	GlobalSection(ExtensibilityGlobals) = postSolution
		SolutionGuid = {3B7EEA42-11E7-4143-8681-0352EBC3C7E7}
	EndGlobalSection
EndGlobal
