
Microsoft Visual Studio Solution File, Format Version 12.00
# Visual Studio Version 16
VisualStudioVersion = 16.0.28803.352
MinimumVisualStudioVersion = 10.0.40219.1
Project("{8BC9CEB8-8B4A-11D0-8D11-00A0C91BC942}") = "subset", "subset\subset.vcxproj", "{86AD890E-F197-45BB-AAA7-E294F886877B}"
EndProject
Global
	GlobalSection(SolutionConfigurationPlatforms) = preSolution
		Debug|x64 = Debug|x64
		Debug|x86 = Debug|x86
		Release|x64 = Release|x64
		Release|x86 = Release|x86
	EndGlobalSection
	GlobalSection(ProjectConfigurationPlatforms) = postSolution
		{86AD890E-F197-45BB-AAA7-E294F886877B}.Debug|x64.ActiveCfg = Debug|x64
		{86AD890E-F197-45BB-AAA7-E294F886877B}.Debug|x64.Build.0 = Debug|x64
		{86AD890E-F197-45BB-AAA7-E294F886877B}.Debug|x86.ActiveCfg = Debug|Win32
		{86AD890E-F197-45BB-AAA7-E294F886877B}.Debug|x86.Build.0 = Debug|Win32
		{86AD890E-F197-45BB-AAA7-E294F886877B}.Release|x64.ActiveCfg = Release|x64
		{86AD890E-F197-45BB-AAA7-E294F886877B}.Release|x64.Build.0 = Release|x64
		{86AD890E-F197-45BB-AAA7-E294F886877B}.Release|x86.ActiveCfg = Release|Win32
		{86AD890E-F197-45BB-AAA7-E294F886877B}.Release|x86.Build.0 = Release|Win32
	EndGlobalSection
	GlobalSection(SolutionProperties) = preSolution
		HideSolutionNode = FALSE
	EndGlobalSection
	GlobalSection(ExtensibilityGlobals) = postSolution
		SolutionGuid = {09862DCC-9A05-4483-B5F5-76F5125A8B34}
	EndGlobalSection
EndGlobal
